
Microsoft Visual Studio Solution File, Format Version 12.00
# Visual Studio Version 17
VisualStudioVersion = 17.9.34723.18
MinimumVisualStudioVersion = 10.0.40219.1
Project("{FAE04EC0-301F-11D3-BF4B-00C04F79EFBC}") = "BenchmarkMapperPro", "BenchmarkMapperPro\BenchmarkMapperPro.csproj", "{C15E86F9-537C-4320-BE09-2B63A67071E3}"
EndProject
Global
	GlobalSection(SolutionConfigurationPlatforms) = preSolution
		Debug|Any CPU = Debug|Any CPU
		Release|Any CPU = Release|Any CPU
	EndGlobalSection
	GlobalSection(ProjectConfigurationPlatforms) = postSolution
		{C15E86F9-537C-4320-BE09-2B63A67071E3}.Debug|Any CPU.ActiveCfg = Debug|Any CPU
		{C15E86F9-537C-4320-BE09-2B63A67071E3}.Debug|Any CPU.Build.0 = Debug|Any CPU
		{C15E86F9-537C-4320-BE09-2B63A67071E3}.Release|Any CPU.ActiveCfg = Release|Any CPU
		{C15E86F9-537C-4320-BE09-2B63A67071E3}.Release|Any CPU.Build.0 = Release|Any CPU
	EndGlobalSection
	GlobalSection(SolutionProperties) = preSolution
		HideSolutionNode = FALSE
	EndGlobalSection
	GlobalSection(ExtensibilityGlobals) = postSolution
		SolutionGuid = {3A95D74B-30A4-4E39-9D55-40898C5AD1E1}
	EndGlobalSection
EndGlobal
